
Microsoft Visual Studio Solution File, Format Version 12.00
# Visual Studio Version 17
VisualStudioVersion = 17.4.33213.308
MinimumVisualStudioVersion = 10.0.40219.1
Project("{FAE04EC0-301F-11D3-BF4B-00C04F79EFBC}") = "Vader", "Vader\Vader.csproj", "{247DC156-BAEE-4A7B-85BC-9520090CE045}"
EndProject
Project("{FAE04EC0-301F-11D3-BF4B-00C04F79EFBC}") = "Vader.Core", "Vader.Core\Vader.Core.csproj", "{8AC67198-FE03-4FE7-A649-202EA194E406}"
EndProject
Global
	GlobalSection(SolutionConfigurationPlatforms) = preSolution
		Debug|Any CPU = Debug|Any CPU
		Release|Any CPU = Release|Any CPU
	EndGlobalSection
	GlobalSection(ProjectConfigurationPlatforms) = postSolution
		{247DC156-BAEE-4A7B-85BC-9520090CE045}.Debug|Any CPU.ActiveCfg = Debug|Any CPU
		{247DC156-BAEE-4A7B-85BC-9520090CE045}.Debug|Any CPU.Build.0 = Debug|Any CPU
		{247DC156-BAEE-4A7B-85BC-9520090CE045}.Release|Any CPU.ActiveCfg = Release|Any CPU
		{247DC156-BAEE-4A7B-85BC-9520090CE045}.Release|Any CPU.Build.0 = Release|Any CPU
		{8AC67198-FE03-4FE7-A649-202EA194E406}.Debug|Any CPU.ActiveCfg = Debug|Any CPU
		{8AC67198-FE03-4FE7-A649-202EA194E406}.Debug|Any CPU.Build.0 = Debug|Any CPU
		{8AC67198-FE03-4FE7-A649-202EA194E406}.Release|Any CPU.ActiveCfg = Release|Any CPU
		{8AC67198-FE03-4FE7-A649-202EA194E406}.Release|Any CPU.Build.0 = Release|Any CPU
	EndGlobalSection
	GlobalSection(SolutionProperties) = preSolution
		HideSolutionNode = FALSE
	EndGlobalSection
	GlobalSection(ExtensibilityGlobals) = postSolution
		SolutionGuid = {76DE57D1-7E12-4706-9C81-579CCA1B5EE1}
	EndGlobalSection
EndGlobal
